
Microsoft Visual Studio Solution File, Format Version 12.00
# Visual Studio Version 17
VisualStudioVersion = 17.4.33213.308
MinimumVisualStudioVersion = 10.0.40219.1
Project("{FAE04EC0-301F-11D3-BF4B-00C04F79EFBC}") = "PP", "PP\PP.csproj", "{E033E6BC-F0AC-46D6-955B-8D7201E906C3}"
EndProject
Global
	GlobalSection(SolutionConfigurationPlatforms) = preSolution
		Debug|Any CPU = Debug|Any CPU
		Release|Any CPU = Release|Any CPU
	EndGlobalSection
	GlobalSection(ProjectConfigurationPlatforms) = postSolution
		{E033E6BC-F0AC-46D6-955B-8D7201E906C3}.Debug|Any CPU.ActiveCfg = Debug|Any CPU
		{E033E6BC-F0AC-46D6-955B-8D7201E906C3}.Debug|Any CPU.Build.0 = Debug|Any CPU
		{E033E6BC-F0AC-46D6-955B-8D7201E906C3}.Release|Any CPU.ActiveCfg = Release|Any CPU
		{E033E6BC-F0AC-46D6-955B-8D7201E906C3}.Release|Any CPU.Build.0 = Release|Any CPU
	EndGlobalSection
	GlobalSection(SolutionProperties) = preSolution
		HideSolutionNode = FALSE
	EndGlobalSection
	GlobalSection(ExtensibilityGlobals) = postSolution
		SolutionGuid = {4148D612-937A-4DDE-A4DE-657941BEC580}
	EndGlobalSection
EndGlobal
