
Microsoft Visual Studio Solution File, Format Version 12.00
# Visual Studio Version 17
VisualStudioVersion = 17.4.33213.308
MinimumVisualStudioVersion = 10.0.40219.1
Project("{FAE04EC0-301F-11D3-BF4B-00C04F79EFBC}") = "WindowsFormsApp1", "WindowsFormsApp1\WindowsFormsApp1.csproj", "{8BC145A2-DB61-4F0D-A840-1C1E72C53F8B}"
EndProject
Global
	GlobalSection(SolutionConfigurationPlatforms) = preSolution
		Debug|Any CPU = Debug|Any CPU
		Release|Any CPU = Release|Any CPU
	EndGlobalSection
	GlobalSection(ProjectConfigurationPlatforms) = postSolution
		{8BC145A2-DB61-4F0D-A840-1C1E72C53F8B}.Debug|Any CPU.ActiveCfg = Debug|Any CPU
		{8BC145A2-DB61-4F0D-A840-1C1E72C53F8B}.Debug|Any CPU.Build.0 = Debug|Any CPU
		{8BC145A2-DB61-4F0D-A840-1C1E72C53F8B}.Release|Any CPU.ActiveCfg = Release|Any CPU
		{8BC145A2-DB61-4F0D-A840-1C1E72C53F8B}.Release|Any CPU.Build.0 = Release|Any CPU
	EndGlobalSection
	GlobalSection(SolutionProperties) = preSolution
		HideSolutionNode = FALSE
	EndGlobalSection
	GlobalSection(ExtensibilityGlobals) = postSolution
		SolutionGuid = {D35BE67D-C73F-4C89-AA15-42686C6ECF13}
	EndGlobalSection
EndGlobal
